
Microsoft Visual Studio Solution File, Format Version 12.00
# Visual Studio Version 17
VisualStudioVersion = 17.11.35219.272
MinimumVisualStudioVersion = 10.0.40219.1
Project("{FAE04EC0-301F-11D3-BF4B-00C04F79EFBC}") = "HolaMundo", "HolaMundo\HolaMundo.csproj", "{BFB0A82F-F959-4DDB-A52E-2F37671AC11A}"
EndProject
Global
	GlobalSection(SolutionConfigurationPlatforms) = preSolution
		Debug|Any CPU = Debug|Any CPU
		Release|Any CPU = Release|Any CPU
	EndGlobalSection
	GlobalSection(ProjectConfigurationPlatforms) = postSolution
		{BFB0A82F-F959-4DDB-A52E-2F37671AC11A}.Debug|Any CPU.ActiveCfg = Debug|Any CPU
		{BFB0A82F-F959-4DDB-A52E-2F37671AC11A}.Debug|Any CPU.Build.0 = Debug|Any CPU
		{BFB0A82F-F959-4DDB-A52E-2F37671AC11A}.Release|Any CPU.ActiveCfg = Release|Any CPU
		{BFB0A82F-F959-4DDB-A52E-2F37671AC11A}.Release|Any CPU.Build.0 = Release|Any CPU
	EndGlobalSection
	GlobalSection(SolutionProperties) = preSolution
		HideSolutionNode = FALSE
	EndGlobalSection
	GlobalSection(ExtensibilityGlobals) = postSolution
		SolutionGuid = {AC3D143A-0970-48A9-861E-8D18F4C5E017}
	EndGlobalSection
EndGlobal
